<?xml version="1.0" encoding="UTF-8"?>
<Scheme
<<<<<<< HEAD
   LastUpgradeVersion = "2610"
=======
   LastUpgradeVersion = "2600"
>>>>>>> multiplaform
   version = "1.7">
   <BuildAction
      parallelizeBuildables = "YES"
      buildImplicitDependencies = "YES"
      buildArchitectures = "Automatic">
      <BuildActionEntries>
         <BuildActionEntry
            buildForTesting = "YES"
            buildForRunning = "YES"
            buildForProfiling = "YES"
            buildForArchiving = "YES"
            buildForAnalyzing = "YES">
            <BuildableReference
               BuildableIdentifier = "primary"
<<<<<<< HEAD
               BlueprintIdentifier = "7BD9B5DC2ED75179001979F8"
=======
               BlueprintIdentifier = "ADF25FA72ED95D3900C58532"
>>>>>>> multiplaform
               BuildableName = "MalaysianRasist.app"
               BlueprintName = "MalaysianRasist"
               ReferencedContainer = "container:MalaysianRasist.xcodeproj">
            </BuildableReference>
         </BuildActionEntry>
      </BuildActionEntries>
   </BuildAction>
   <TestAction
      buildConfiguration = "Debug"
      selectedDebuggerIdentifier = "Xcode.DebuggerFoundation.Debugger.LLDB"
      selectedLauncherIdentifier = "Xcode.DebuggerFoundation.Launcher.LLDB"
      shouldUseLaunchSchemeArgsEnv = "YES"
      shouldAutocreateTestPlan = "YES">
<<<<<<< HEAD
      <Testables>
         <TestableReference
            skipped = "NO"
            parallelizable = "YES">
            <BuildableReference
               BuildableIdentifier = "primary"
               BlueprintIdentifier = "7BD9B5F22ED7517A001979F8"
               BuildableName = "MalaysianRasistTests.xctest"
               BlueprintName = "MalaysianRasistTests"
               ReferencedContainer = "container:MalaysianRasist.xcodeproj">
            </BuildableReference>
         </TestableReference>
         <TestableReference
            skipped = "NO"
            parallelizable = "YES">
            <BuildableReference
               BuildableIdentifier = "primary"
               BlueprintIdentifier = "7BD9B5FC2ED7517A001979F8"
               BuildableName = "MalaysianRasistUITests.xctest"
               BlueprintName = "MalaysianRasistUITests"
               ReferencedContainer = "container:MalaysianRasist.xcodeproj">
            </BuildableReference>
         </TestableReference>
      </Testables>
   </TestAction>
   <LaunchAction
      buildConfiguration = "Debug"
      selectedDebuggerIdentifier = "Xcode.DebuggerFoundation.Debugger.LLDB"
      selectedLauncherIdentifier = "Xcode.DebuggerFoundation.Launcher.LLDB"
=======
   </TestAction>
   <LaunchAction
      buildConfiguration = "Debug"
      selectedDebuggerIdentifier = ""
      selectedLauncherIdentifier = "Xcode.IDEFoundation.Launcher.PosixSpawn"
>>>>>>> multiplaform
      launchStyle = "0"
      useCustomWorkingDirectory = "NO"
      ignoresPersistentStateOnLaunch = "NO"
      debugDocumentVersioning = "YES"
      debugServiceExtension = "internal"
      allowLocationSimulation = "YES">
      <BuildableProductRunnable
         runnableDebuggingMode = "0">
         <BuildableReference
            BuildableIdentifier = "primary"
<<<<<<< HEAD
            BlueprintIdentifier = "7BD9B5DC2ED75179001979F8"
=======
            BlueprintIdentifier = "ADF25FA72ED95D3900C58532"
>>>>>>> multiplaform
            BuildableName = "MalaysianRasist.app"
            BlueprintName = "MalaysianRasist"
            ReferencedContainer = "container:MalaysianRasist.xcodeproj">
         </BuildableReference>
      </BuildableProductRunnable>
   </LaunchAction>
   <ProfileAction
      buildConfiguration = "Release"
      shouldUseLaunchSchemeArgsEnv = "YES"
      savedToolIdentifier = ""
      useCustomWorkingDirectory = "NO"
      debugDocumentVersioning = "YES">
      <BuildableProductRunnable
         runnableDebuggingMode = "0">
         <BuildableReference
            BuildableIdentifier = "primary"
<<<<<<< HEAD
            BlueprintIdentifier = "7BD9B5DC2ED75179001979F8"
=======
            BlueprintIdentifier = "ADF25FA72ED95D3900C58532"
>>>>>>> multiplaform
            BuildableName = "MalaysianRasist.app"
            BlueprintName = "MalaysianRasist"
            ReferencedContainer = "container:MalaysianRasist.xcodeproj">
         </BuildableReference>
      </BuildableProductRunnable>
   </ProfileAction>
   <AnalyzeAction
      buildConfiguration = "Debug">
   </AnalyzeAction>
   <ArchiveAction
      buildConfiguration = "Release"
      revealArchiveInOrganizer = "YES">
   </ArchiveAction>
</Scheme>
